version = 1
revision = 3
requires-python = ">=3.12, <3.13"

[manifest]
requirements = [
    { name = "openai-codex", specifier = "==0.155.1" },
    { name = "websockets", specifier = "==17.1" },
]

[[package]]
name = "annotated-types"
version = "0.8.0"
source = { registry = "https://pypi.org/simple" }
sdist = { url = "https://files.pythonhosted.org/packages/5f/56/a8120250d128bed162cd73c76d45f6ef9991f3e068f62a8ee060afa3104a/annotated_types-0.8.0.tar.gz", hash = "sha256:13b2beaad985e05e2d6407ee4c4f35590b11f8d693a258a561055cac8f64cab7", size = 15893, upload-time = "2026-07-23T20:16:13.995Z" }
wheels = [
    { url = "https://files.pythonhosted.org/packages/99/91/8acff4f5e50511b911bbccb72b8628a49c68ce14148cd9f6431094859a90/annotated_types-0.8.0-py3-none-any.whl", hash = "sha256:f072f4d804ea359e4eaf198b1af7a8b0943881a87f31bb764f8bf219bb9419e0", size = 13427, upload-time = "2026-07-23T20:16:12.938Z" },
]

[[package]]
name = "openai-codex"
version = "0.155.1"
source = { registry = "https://pypi.org/simple" }
dependencies = [
    { name = "openai-codex-cli-bin" },
    { name = "packaging" },
    { name = "pydantic" },
]
sdist = { url = "https://files.pythonhosted.org/packages/01/3e/8bc1702c189e9f744c4fd6c2a7cb0003839b5844bb3914279d5414bd8724/openai_codex-0.155.1.tar.gz", hash = "sha256:9706342a04571b6c5c1fddebf9a3202727574026bf4b988c37515c8eca07a8c8", size = 86819, upload-time = "2026-09-20T00:41:06.051Z" }
wheels = [
    { url = "https://files.pythonhosted.org/packages/ad/7e/190b3188ad4e0933fad0850bd641d274f2e002055f86d2f880c6e6647ede/openai_codex-0.155.1-py3-none-any.whl", hash = "sha256:cc7eee57ab2803a59b5125f25190839af37689f09812f0fca6565d722303cf5d", size = 94950, upload-time = "2026-09-20T00:41:04.574Z" },
]

[[package]]
name = "openai-codex-cli-bin"
version = "0.155.1"
source = { registry = "https://pypi.org/simple" }
wheels = [
    { url = "https://files.pythonhosted.org/packages/41/21/07d6c7c4c2337301c76facedb030d5da8dc990af6e98968550bc0f550f0f/openai_codex_cli_bin-0.155.1-py3-none-macosx_10_9_x86_64.whl", hash = "sha256:60a965742afb946ffe9d86b9f58aa4f2422e0d8ad9060bc1cb52c35290e8966b", size = 125209614, upload-time = "2026-09-20T00:39:54.179Z" },
    { url = "https://files.pythonhosted.org/packages/9f/da/17cc1912de60e64025380d918082bc9ac4820b43488a81af7c2eea25c3bc/openai_codex_cli_bin-0.155.1-py3-none-macosx_11_0_arm64.whl", hash = "sha256:20f06ff5ba6f10782cb9794b3e1f7bfd01e919a7526c57eece852cee0cbff024", size = 115206116, upload-time = "2026-09-20T00:40:00.265Z" },
    { url = "https://files.pythonhosted.org/packages/2c/4d/d9752b112e3c2d099b84d84a8ad77b8b028d4a01516a65a212aff99d5a27/openai_codex_cli_bin-0.155.1-py3-none-manylinux_2_17_aarch64.whl", hash = "sha256:ecb4d79b4f12a12bec13f1f3c611602a72b8eea1b1fe522113040bf6c98e91c8", size = 121002606, upload-time = "2026-09-20T00:40:05.789Z" },
    { url = "https://files.pythonhosted.org/packages/60/43/27c4046e33f65122ba215cbe2f1c8d63757759bbe5237f12c42e83d071da/openai_codex_cli_bin-0.155.1-py3-none-manylinux_2_17_x86_64.whl", hash = "sha256:b1e3324cae6a042669bf188e02734ea04f0364ab5b2f6df5350cfe6aca724eee", size = 129970486, upload-time = "2026-09-20T00:40:11.913Z" },
    { url = "https://files.pythonhosted.org/packages/c2/de/f0ba2235e0c634baa8c6d14962ebae26c92248147b424875de4dc3778d0b/openai_codex_cli_bin-0.155.1-py3-none-musllinux_1_1_aarch64.whl", hash = "sha256:a86c888dc8eee6f2117ebcf118047aba860d384eeacb83273495aec32c052023", size = 130614828, upload-time = "2026-09-20T00:40:17.785Z" },
    { url = "https://files.pythonhosted.org/packages/d2/f8/9c38cd4c1f154160a2c8fb351cf4e208cc6d2f956d0bf8c1b5c6c4c6dfe5/openai_codex_cli_bin-0.155.1-py3-none-musllinux_1_1_x86_64.whl", hash = "sha256:73ef57161f17e8475f76e8f020d6501c0b2db4b5014ec3fa6db85ab804743209", size = 139725322, upload-time = "2026-09-20T00:40:23.757Z" },
    { url = "https://files.pythonhosted.org/packages/ad/6c/4b8c104406caa61b098a0de6a6f016cb19b59bf1d5198080aab8fda955ea/openai_codex_cli_bin-0.155.1-py3-none-win_amd64.whl", hash = "sha256:aabe5e39c474afb05b09b264242564d3f704e06468a5d1ee87bc5eb5c869a45f", size = 140425725, upload-time = "2026-09-20T00:40:30.644Z" },
    { url = "https://files.pythonhosted.org/packages/8d/71/0f2f38f0b27094017ade74dcf74e358f3540397e0a4ccc19d38b89549ac8/openai_codex_cli_bin-0.155.1-py3-none-win_arm64.whl", hash = "sha256:ec489d8cc3488a5a1dd19b768aa189c82dd43c5c151a2a6f78652f017c8fdadf", size = 129631031, upload-time = "2026-09-20T00:40:36.844Z" },
]

[[package]]
name = "packaging"
version = "26.3"
source = { registry = "https://pypi.org/simple" }
sdist = { url = "https://files.pythonhosted.org/packages/7d/fa/3944b40b07da9ce895c0e6303a5ab7d53da063554f534556b134a54d6093/packaging-26.3.tar.gz", hash = "sha256:94edc256424af38762eb31306eed28beb9f0efc50a8837492c9d6fd6004aed79", size = 313412, upload-time = "2026-08-04T18:15:28.737Z" }
wheels = [
    { url = "https://files.pythonhosted.org/packages/63/34/ba1c580383c9eada3711951fef0795c80b829a078d72188184bcab9dd527/packaging-26.3-py3-none-any.whl", hash = "sha256:d7193f7c8e4e93f444fde0262bf90af30e16fa0ad0ad44cb553c87339b23cd1c", size = 129956, upload-time = "2026-08-04T18:15:27.159Z" },
]

[[package]]
name = "pydantic"
version = "2.13.5"
source = { registry = "https://pypi.org/simple" }
dependencies = [
    { name = "annotated-types" },
    { name = "pydantic-core" },
    { name = "typing-extensions" },
    { name = "typing-inspection" },
]
sdist = { url = "https://files.pythonhosted.org/packages/53/ef/fc4f868f4e2cee79f863883abffceff107875f569b848507319842d2a681/pydantic-2.13.5.tar.gz", hash = "sha256:51a9c5f7b2f8e636f04c6cada605d9b6a3bf1348fdf945a3d8869b19bba0ee08", size = 845750, upload-time = "2026-08-28T14:04:00.916Z" }
wheels = [
    { url = "https://files.pythonhosted.org/packages/eb/47/c95ffc2009878c7aac0c5e08528022dcb885933252a88b5f170058014464/pydantic-2.13.5-py3-none-any.whl", hash = "sha256:346a034f080da3755d8e9cb5e00e8b07de1d39e4f6e2c87d8ab7cafa0b269a73", size = 472589, upload-time = "2026-08-28T14:03:59.136Z" },
]

[[package]]
name = "pydantic-core"
version = "2.46.5"
source = { registry = "https://pypi.org/simple" }
dependencies = [
    { name = "typing-extensions" },
]
sdist = { url = "https://files.pythonhosted.org/packages/af/f9/8a06bea35ef8daf588f707784c973a7046e0034c8d8cfb08828eeffb8b75/pydantic_core-2.46.5.tar.gz", hash = "sha256:10416c15b8839ecc4ef4d0885da76da6fd0f67333a0eb8aff6d93c4b8f2910fc", size = 472262, upload-time = "2026-08-28T10:01:31.677Z" }
wheels = [
    { url = "https://files.pythonhosted.org/packages/82/3f/76358795aa7a8c6d4f36e2cb828ad1c90ee118e1393a9281664f5aade9d4/pydantic_core-2.46.5-cp312-cp312-macosx_10_12_x86_64.whl", hash = "sha256:b9fe6fb92520e3fd61f2e49000b6911b188824f089b75973ea06d6267f0b476d", size = 2076516, upload-time = "2026-08-28T09:58:21.576Z" },
    { url = "https://files.pythonhosted.org/packages/db/50/26b091836076ce4cb2fac264186936acc069e0595772cfd02a563bc4761a/pydantic_core-2.46.5-cp312-cp312-macosx_11_0_arm64.whl", hash = "sha256:a39ac25a9a2fa4072efdb429833c4a4c8009a51ff9eea3eeae131713cd27991e", size = 1922874, upload-time = "2026-08-28T09:58:23.766Z" },
    { url = "https://files.pythonhosted.org/packages/09/f0/2a8ce3849e299d44e2d2c196b6082643a3235565a735cb51db7a6261f614/pydantic_core-2.46.5-cp312-cp312-manylinux_2_17_aarch64.manylinux2014_aarch64.whl", hash = "sha256:4fdc8b93a41521988916eeaa271173fcca7fa0803d62f87675aac8dcec1c8e29", size = 1951772, upload-time = "2026-08-28T09:58:25.435Z" },
    { url = "https://files.pythonhosted.org/packages/87/46/ac0dc8bdd9e6048183a14eb127764e7ad9240021c17513074a4711b0e31e/pydantic_core-2.46.5-cp312-cp312-manylinux_2_17_armv7l.manylinux2014_armv7l.whl", hash = "sha256:b98134087d9de723658d17a42c7d0da8d6e2ef08015dee7dc93889047315f5e4", size = 2031832, upload-time = "2026-08-28T09:58:27.102Z" },
    { url = "https://files.pythonhosted.org/packages/c4/c2/339de5bef7be36301a2231eaa52e62163742c2281f11b5f4892bc79785cd/pydantic_core-2.46.5-cp312-cp312-manylinux_2_17_ppc64le.manylinux2014_ppc64le.whl", hash = "sha256:e652ab17569c94bff5475520f907b7148b8c24036a8ebbe5cf7cf7493d28579a", size = 2208645, upload-time = "2026-08-28T09:58:28.948Z" },
    { url = "https://files.pythonhosted.org/packages/7b/a0/9ff22b797724262da14427abaed4dd1d864a139693fc5e7809114376a716/pydantic_core-2.46.5-cp312-cp312-manylinux_2_17_s390x.manylinux2014_s390x.whl", hash = "sha256:d925f3d9afd05a8c0fb3a1031463a8d59ebe5e2afad297e29c78be19e13b4e62", size = 2265935, upload-time = "2026-08-28T09:58:30.625Z" },
    { url = "https://files.pythonhosted.org/packages/c0/a4/eb9409ec0736e50aa70a412f16c204ed149516846912f7e6724d4c73ee53/pydantic_core-2.46.5-cp312-cp312-manylinux_2_17_x86_64.manylinux2014_x86_64.whl", hash = "sha256:0fc5be0abd4a407e200d844b404e33639a554e7bd0d448e7b9ae181be4789ac2", size = 2066284, upload-time = "2026-08-28T09:58:32.289Z" },
    { url = "https://files.pythonhosted.org/packages/c0/02/7f6156ffc926857f1c37c07d9a388682865a81830ab6a1b637082c25e399/pydantic_core-2.46.5-cp312-cp312-manylinux_2_31_riscv64.whl", hash = "sha256:816ff0a6550ffc06c098ccd2e0698600f9aa7da192a79eaa6f9af504a35db869", size = 2105889, upload-time = "2026-08-28T09:58:33.986Z" },
    { url = "https://files.pythonhosted.org/packages/92/b1/e781d357ebe09fc929f995700f1b3503e8897f1cece183ecb1300d4d67e9/pydantic_core-2.46.5-cp312-cp312-manylinux_2_5_i686.manylinux1_i686.whl", hash = "sha256:c7ea57fc63aa7da93a1bd2d644e6577befae10c52c4e36377635eea1056a74f5", size = 2158006, upload-time = "2026-08-28T09:58:35.647Z" },
    { url = "https://files.pythonhosted.org/packages/70/0a/644597d84ab400e50609c192120b85c9681c22d3a20461b9060a79be0a7a/pydantic_core-2.46.5-cp312-cp312-musllinux_1_1_aarch64.whl", hash = "sha256:efd62a42486f1bda5d24cb4f63d15a3c7768375fe83d36f9417b4ad7a2fb20b3", size = 2158408, upload-time = "2026-08-28T09:58:37.38Z" },
    { url = "https://files.pythonhosted.org/packages/1e/ee/ca3b7b3a4b3769ffe9ce9432a7c9be755de9593a46d3b0d54d0409323e44/pydantic_core-2.46.5-cp312-cp312-musllinux_1_1_armv7l.whl", hash = "sha256:2bc9419666990c06d7397831f2126a1ecc3594aaa3ff7de5bf2d066802f4e07b", size = 2309609, upload-time = "2026-08-28T09:58:39.22Z" },
    { url = "https://files.pythonhosted.org/packages/ce/52/39fa1f451486019524ca685020390e7ca351832fd874530ba30c8628e6dc/pydantic_core-2.46.5-cp312-cp312-musllinux_1_1_x86_64.whl", hash = "sha256:18a09e1e1011b462f2e32774f25859ef1223d5c2b0546a633cf56654710721e0", size = 2342618, upload-time = "2026-08-28T09:58:40.89Z" },
    { url = "https://files.pythonhosted.org/packages/81/5e/468fc630568c61dcef3cd47ad32ffbeed9af643f49208d1ea86ab4f890c4/pydantic_core-2.46.5-cp312-cp312-win32.whl", hash = "sha256:5cb482e9e84c851f4e623fe4acc1ced89168cf1fe18f7089db4548c8f5bbb65b", size = 1939475, upload-time = "2026-08-28T09:58:42.591Z" },
    { url = "https://files.pythonhosted.org/packages/cf/c9/4c19f41b84cf6b622a72fbeed7665b25d47a187d68d47d0d430c07f23268/pydantic_core-2.46.5-cp312-cp312-win_amd64.whl", hash = "sha256:5e81740c09e310f5aa5cbd3e434a01c154d4bef93241c7877b39f211d2b78ba8", size = 2043140, upload-time = "2026-08-28T09:58:44.272Z" },
    { url = "https://files.pythonhosted.org/packages/af/dd/0c1a050299147c746e5256db16d645ab5efd4f78c59937d581a0524e74a2/pydantic_core-2.46.5-cp312-cp312-win_arm64.whl", hash = "sha256:f7b0ec93a2893de856652154d73b7ba622f26fa97726487dcac373de5f4c6084", size = 1997729, upload-time = "2026-08-28T09:58:46.13Z" },
    { url = "https://files.pythonhosted.org/packages/df/dd/053c2e4303f791f3b8f8a14ab0b22008e8eb21d868c0c90b4f9be705b76a/pydantic_core-2.46.5-graalpy312-graalpy250_312_native-macosx_10_12_x86_64.whl", hash = "sha256:013d6f3483d81e02e7c328831808f336c8596ee33b4bd4026b9ffb1e960b8942", size = 2062540, upload-time = "2026-08-28T10:01:00.318Z" },
    { url = "https://files.pythonhosted.org/packages/d7/dd/a18df751a5e37dd51bfad7f68e766999125bebe68c9e1d10a493ad01bd63/pydantic_core-2.46.5-graalpy312-graalpy250_312_native-macosx_11_0_arm64.whl", hash = "sha256:e9c134bb666dd54b778b9fc0d2b50cbb7f979b9e3716f26a88c9ab3b6fc1dd0f", size = 1902040, upload-time = "2026-08-28T10:01:02.529Z" },
    { url = "https://files.pythonhosted.org/packages/b7/13/01d40f9d07ce8a779fd6e0bd8ad4fba91309500dd67b869e2e219d261a6d/pydantic_core-2.46.5-graalpy312-graalpy250_312_native-manylinux_2_17_aarch64.manylinux2014_aarch64.whl", hash = "sha256:347ec774390c87326a2e4929d58d3f7e8763a104d5d35f4cd595a4c952366433", size = 1967479, upload-time = "2026-08-28T10:01:05.004Z" },
    { url = "https://files.pythonhosted.org/packages/fa/04/c81d4841331c2178b6fb09ae225425e110ed72d990c9fe556c4ec03d1013/pydantic_core-2.46.5-graalpy312-graalpy250_312_native-manylinux_2_17_x86_64.manylinux2014_x86_64.whl", hash = "sha256:8e24d8f05fa2d28513d94e877e9c75ad66175376209b3977f916e240e623193c", size = 2111034, upload-time = "2026-08-28T10:01:07.345Z" },
]

[[package]]
name = "typing-extensions"
version = "4.16.0"
source = { registry = "https://pypi.org/simple" }
sdist = { url = "https://files.pythonhosted.org/packages/f6/cc/6253133b5bb138fc3306cebfbda2c520f545d36b5be2c7255cc528bb45d6/typing_extensions-4.16.0.tar.gz", hash = "sha256:dc983d19a509c94dba722ee6abd33940f7c05a89e243c47e907eb4db6f1a43e5", size = 113555, upload-time = "2026-07-02T08:40:05.92Z" }
wheels = [
    { url = "https://files.pythonhosted.org/packages/49/d3/b8441a820a491ddfc024b0b0cf0393375b75ea13866d9c66727e54c2fc80/typing_extensions-4.16.0-py3-none-any.whl", hash = "sha256:481caa481374e813c1b176ada14e97f1f67a4539ce9cfeb3f350d78d6370c2e8", size = 45571, upload-time = "2026-07-02T08:40:04.659Z" },
]

[[package]]
name = "typing-inspection"
version = "0.4.4"
source = { registry = "https://pypi.org/simple" }
dependencies = [
    { name = "typing-extensions" },
]
sdist = { url = "https://files.pythonhosted.org/packages/a3/26/b09b8010994eccc3c09092e6b34058f36a460eea2d4c3e8b910c695975a0/typing_inspection-0.4.4.tar.gz", hash = "sha256:547274fa6b0a561ccf549cc9524b999a578e737d015d8709d021f9d0d13bea47", size = 76928, upload-time = "2026-08-12T12:37:25.997Z" }
wheels = [
    { url = "https://files.pythonhosted.org/packages/67/81/4add07e5172b7ac40d8ed5ff580409a7801a4fe26d529bdd915401dabfbe/typing_inspection-0.4.4-py3-none-any.whl", hash = "sha256:65b8397ba37ccbce054456aaccddfc91e6e3083c92824df348d96ca832f3f147", size = 14750, upload-time = "2026-08-12T12:37:24.648Z" },
]

[[package]]
name = "websockets"
version = "17.1"
source = { registry = "https://pypi.org/simple" }
sdist = { url = "https://files.pythonhosted.org/packages/18/72/fba934cb3dff7a85d811820efffcd141ddd52b5a2a01637f64551373ff4d/websockets-17.1.tar.gz", hash = "sha256:acfea4c20bf54384883ea33b1240fc1db4f52e190823a4e2b334bc3e8bfca96a", size = 187520, upload-time = "2026-08-26T17:25:33.063Z" }
wheels = [
    { url = "https://files.pythonhosted.org/packages/a6/0d/098f23c4c858e5de9459ffc554fa07d5493fbcfca7f040b5800cf1cecc35/websockets-17.1-cp312-cp312-macosx_10_13_universal2.whl", hash = "sha256:76dd004f59115087c7b700474cb18f01325e37250032e19396c08ae41448e4b3", size = 217015, upload-time = "2026-08-26T14:55:45.194Z" },
    { url = "https://files.pythonhosted.org/packages/13/86/bc1317b1a4d8c4688e2a7e564b5e004dab44c2534d7ca05de6ae9a863fca/websockets-17.1-cp312-cp312-macosx_10_13_x86_64.whl", hash = "sha256:581fa678ef46f4277cc8491312468e582f8ad609dbab907ba6096a08c6a0ff98", size = 214692, upload-time = "2026-08-26T14:55:46.366Z" },
    { url = "https://files.pythonhosted.org/packages/8f/e7/df821761772beaa48c211ee0e234930b35c1473778470773823f56d3911b/websockets-17.1-cp312-cp312-macosx_11_0_arm64.whl", hash = "sha256:87f0d5e77548b0c40c8464cdb6108792e7e53f487c6400028a4ec28a8afbe5ab", size = 214959, upload-time = "2026-08-26T14:55:47.885Z" },
    { url = "https://files.pythonhosted.org/packages/3e/92/c3fb72f11764812fc648bf3838d224972427b348e8b3989d9e0a9df87da3/websockets-17.1-cp312-cp312-manylinux1_i686.manylinux_2_28_i686.manylinux_2_5_i686.whl", hash = "sha256:882af300d2c6a092b93767d5de03c7bb56dfb06314140c8e872d3f48e09f7b74", size = 224278, upload-time = "2026-08-26T14:55:49.241Z" },
    { url = "https://files.pythonhosted.org/packages/fb/05/9f82d090c8d2d861604147ef6dfb938a90b039f9358d5193f1df62558593/websockets-17.1-cp312-cp312-manylinux1_x86_64.manylinux_2_28_x86_64.manylinux_2_5_x86_64.whl", hash = "sha256:0c863507ada5805517ca6dff1c524dcd42942efe6304dacf06700878398d21a6", size = 224557, upload-time = "2026-08-26T14:55:50.348Z" },
    { url = "https://files.pythonhosted.org/packages/8a/50/5cbf677b865290fe36819ff00615826e7edc1df38786f770123ff39a933d/websockets-17.1-cp312-cp312-manylinux2014_aarch64.manylinux_2_17_aarch64.manylinux_2_28_aarch64.whl", hash = "sha256:d41ef69d5416fbc1d98cf96c37be6192d10fd101c3e0f8b3ddc36e09432b3c08", size = 225791, upload-time = "2026-08-26T14:55:51.75Z" },
    { url = "https://files.pythonhosted.org/packages/c1/1c/eb8a032285243381b09a221ae384c972d5000453ad136add4d1595cec798/websockets-17.1-cp312-cp312-manylinux2014_armv7l.manylinux_2_17_armv7l.manylinux_2_31_armv7l.whl", hash = "sha256:5aefe78e6a3077fe22b5e64b04666a85a3eb8b934d40e8595a693adcbceb6f11", size = 228574, upload-time = "2026-08-26T14:55:52.922Z" },
    { url = "https://files.pythonhosted.org/packages/69/85/413736251cb3ac04ce84cbd90e893d9a36a9698d4820b323aff3aa187e50/websockets-17.1-cp312-cp312-manylinux2014_ppc64le.manylinux_2_17_ppc64le.manylinux_2_28_ppc64le.whl", hash = "sha256:f64e001bb7fa89b9f32cfa600bf8e9ac8ca26759d9b92ae01453ee303d9cd7b4", size = 226428, upload-time = "2026-08-26T14:55:54.263Z" },
    { url = "https://files.pythonhosted.org/packages/d2/2b/a08bcc7fa1ca81a10f84ba32b6e6edd73a913f4b0c2640eed1fd626efacd/websockets-17.1-cp312-cp312-manylinux2014_s390x.manylinux_2_17_s390x.manylinux_2_28_s390x.whl", hash = "sha256:677014a073bcb1fbaa7e21144786864f16c08f856d66834f611eceb9006cbab8", size = 225184, upload-time = "2026-08-26T14:55:55.943Z" },
    { url = "https://files.pythonhosted.org/packages/e5/8a/3bd2d0cf6b148c8c866d5d9fdcde30c04bfd81fdfac86813e69377eb4448/websockets-17.1-cp312-cp312-manylinux_2_31_riscv64.manylinux_2_39_riscv64.whl", hash = "sha256:0de501b7f2db11e83739ac20e2d33d46da4604b829f506c24be80e7def069391", size = 222430, upload-time = "2026-08-26T14:55:57.103Z" },
    { url = "https://files.pythonhosted.org/packages/3b/c9/8e891ae342668735eabbbc669895e15195e4b45f24a4beeb58af76f414c7/websockets-17.1-cp312-cp312-musllinux_1_2_aarch64.whl", hash = "sha256:f62114a54117e4948a1e414e89521f7fe1e3c2f83f2a571a06a4fc6718b0900a", size = 225227, upload-time = "2026-08-26T14:55:58.375Z" },
    { url = "https://files.pythonhosted.org/packages/e1/6f/c816f332dca11425e9bda7c07f7573eb5c5f8a735849d02b0d81e8ee20fa/websockets-17.1-cp312-cp312-musllinux_1_2_armv7l.whl", hash = "sha256:eec113a5b41d124ef42ff56b0d74a6da3fd986400038eab9e58ee42a4024e837", size = 223831, upload-time = "2026-08-26T14:55:59.664Z" },
    { url = "https://files.pythonhosted.org/packages/53/67/5e91d5308ce24fc1ec74f56536c12f4888bad45ff5ea50f3180f8c518c57/websockets-17.1-cp312-cp312-musllinux_1_2_i686.whl", hash = "sha256:5f051f8030a51815dc00e24bd2e5f1435af095c1cc111d747ac6e2a3620d7641", size = 224600, upload-time = "2026-08-26T14:56:00.873Z" },
    { url = "https://files.pythonhosted.org/packages/bb/96/faa298ecf2570d35b0eb37caddf4992178d907e108ed74bfffb6bc092c29/websockets-17.1-cp312-cp312-musllinux_1_2_ppc64le.whl", hash = "sha256:655a8e28010f09fd6fa317e857afab3af7647f33e41dee88fa421e92086d1090", size = 225707, upload-time = "2026-08-26T14:56:02.001Z" },
    { url = "https://files.pythonhosted.org/packages/0b/12/5710d2482ca5061c1eec5eb46f6313837c760d4115b1795c85b6c08be4e3/websockets-17.1-cp312-cp312-musllinux_1_2_riscv64.whl", hash = "sha256:dc2b79afc074d2f3e64b26539350f697fe1b85ea1c49ea24eb588f247b053ce1", size = 223263, upload-time = "2026-08-26T14:56:03.092Z" },
    { url = "https://files.pythonhosted.org/packages/27/47/0c30f4eebfd1d93fae779d268f678d48847fb98516f5200849574eee8820/websockets-17.1-cp312-cp312-musllinux_1_2_s390x.whl", hash = "sha256:e4bd7eacb87d8cf3ed70d6392c770a0d92441f05d7d2a3efafb5bc171d5e3067", size = 224244, upload-time = "2026-08-26T14:56:04.321Z" },
    { url = "https://files.pythonhosted.org/packages/41/33/46c256195a1255079ae23d1b1267b2e1843dc5f46a67f973cdf2a3523dff/websockets-17.1-cp312-cp312-musllinux_1_2_x86_64.whl", hash = "sha256:ccbf3f4a9890d50b3a08ee04029fde30a03bfdeffaa19977628bf17251764e60", size = 224520, upload-time = "2026-08-26T14:56:05.521Z" },
    { url = "https://files.pythonhosted.org/packages/06/9a/aef0792731df4352e5f417369b532b3325fe434765ca90c193f594ae1e67/websockets-17.1-cp312-cp312-win32.whl", hash = "sha256:7e724f843fa6a0614aece65a7c73e51d0f4412ca41dccac13c3caf98e69536bb", size = 217485, upload-time = "2026-08-26T14:56:06.715Z" },
    { url = "https://files.pythonhosted.org/packages/50/23/493ecfdaf32898e5ea24dc900e33e5e317f9662d5d9ab2d44b2e111b4e1c/websockets-17.1-cp312-cp312-win_amd64.whl", hash = "sha256:617243e19a0992095956f406ee9cd3bc4ba92862d83cb1d83bb59ce574412bec", size = 217786, upload-time = "2026-08-26T14:56:08.055Z" },
    { url = "https://files.pythonhosted.org/packages/97/3d/91954e2f7876f74ce1213e9b92c65a63b559cc4b942a931ebeb351cd9932/websockets-17.1-cp312-cp312-win_arm64.whl", hash = "sha256:9f4a08ff7cb68c27b18e09223cc6304e01d0f82d5a240d251266dfd2e6e44729", size = 217711, upload-time = "2026-08-26T14:56:09.267Z" },
    { url = "https://files.pythonhosted.org/packages/41/63/23572870e01836a98346075b9e17a8bc24a6ddd9800a3204ceee58677f3c/websockets-17.1-py3-none-any.whl", hash = "sha256:f221081107b8c48184d99f7019604486376e7ef826037e70aad6b02540732c23", size = 211134, upload-time = "2026-08-26T17:25:31.397Z" },
]
